<?xml version="1.0" encoding="utf-8"?>
<Project ToolsVersion="4.0" xmlns="http://schemas.microsoft.com/developer/msbuild/2003">
  <ItemGroup>
    <Filter Include="源文件">
      <UniqueIdentifier>{4FC737F1-C7A5-4376-A066-2A32D752A2FF}</UniqueIdentifier>
      <Extensions>cpp;c;cc;cxx;c++;cppm;ixx;def;odl;idl;hpj;bat;asm;asmx</Extensions>
    </Filter>
    <Filter Include="头文件">
      <UniqueIdentifier>{93995380-89BD-4b04-88EB-625FBE52EBFB}</UniqueIdentifier>
      <Extensions>h;hh;hpp;hxx;h++;hm;inl;inc;ipp;xsd</Extensions>
    </Filter>
    <Filter Include="资源文件">
      <UniqueIdentifier>{67DA6AB6-F800-4c08-8B7A-83BB121AAD01}</UniqueIdentifier>
      <Extensions>rc;ico;cur;bmp;dlg;rc2;rct;bin;rgs;gif;jpg;jpeg;jpe;resx;tiff;tif;png;wav;mfcribbon-ms</Extensions>
    </Filter>
    <Filter Include="源文件\block">
      <UniqueIdentifier>{aefaef33-93ac-4959-8f71-05379afb4b92}</UniqueIdentifier>
    </Filter>
    <Filter Include="头文件\block">
      <UniqueIdentifier>{2b5e2a4d-3b43-4caf-85f8-7182d419d8fb}</UniqueIdentifier>
    </Filter>
  </ItemGroup>
  <ItemGroup>
    <ClInclude Include="Record.h">
      <Filter>头文件</Filter>
    </ClInclude>
    <ClInclude Include="Serializable.h">
      <Filter>头文件</Filter>
    </ClInclude>
    <ClInclude Include="block\Block.h">
      <Filter>头文件\block</Filter>
    </ClInclude>
    <ClInclude Include="block\AbstractBlock.h">
      <Filter>头文件\block</Filter>
    </ClInclude>
    <ClInclude Include="block\BlockDecorator.h">
      <Filter>头文件\block</Filter>
    </ClInclude>
    <ClInclude Include="block\SortableBlock.h">
      <Filter>头文件\block</Filter>
    </ClInclude>
  </ItemGroup>
  <ItemGroup>
    <ClCompile Include="Record.cpp">
      <Filter>源文件</Filter>
    </ClCompile>
    <ClCompile Include="ExternSort.cpp">
      <Filter>源文件</Filter>
    </ClCompile>
    <ClCompile Include="block\Block.cpp">
      <Filter>源文件\block</Filter>
    </ClCompile>
    <ClCompile Include="block\BlockDecorator.cpp">
      <Filter>源文件\block</Filter>
    </ClCompile>
    <ClCompile Include="block\SortableBlock.cpp">
      <Filter>源文件\block</Filter>
    </ClCompile>
  </ItemGroup>
</Project>